Microsoft Visual Studio Solution File, Format Version 12.00
# Visual Studio Version 16
VisualStudioVersion = 16.0.30503.244
MinimumVisualStudioVersion = 10.0.40219.1
Project("{FAE04EC0-301F-11D3-BF4B-00C04F79EFBC}") = "SwinAdventure", "SwinAdventure\SwinAdventure.csproj", "{BB1E919F-399F-4909-B06C-396AB41B6C73}"
EndProject
Project("{FAE04EC0-301F-11D3-BF4B-00C04F79EFBC}") = "IdentifiableObjectTest", "Test\IdentifiableObjectTest.csproj", "{B93AE006-EF0C-454C-97A6-F0EC81D01ED8}"
EndProject
Project("{9A19103F-16F7-4668-BE54-9A1E7A4F7556}") = "ItemTest", "ItemTest\ItemTest.csproj", "{8C3D9D49-103E-48E4-B6CA-98A77A7B51C1}"
EndProject
Project("{9A19103F-16F7-4668-BE54-9A1E7A4F7556}") = "PlayerTest", "PlayerTest\PlayerTest.csproj", "{F528053C-23BD-43CC-8ABD-B25B859DF0DD}"
EndProject
Project("{9A19103F-16F7-4668-BE54-9A1E7A4F7556}") = "InventoryTest", "InventoryTest\InventoryTest.csproj", "{99DB9C22-D740-4BA2-ABE1-C56BBE9997A7}"
EndProject
Project("{9A19103F-16F7-4668-BE54-9A1E7A4F7556}") = "BagTest", "BagTest\BagTest.csproj", "{37CA03BD-4A97-462D-A2CE-42DD38CDCFBC}"
EndProject
Project("{9A19103F-16F7-4668-BE54-9A1E7A4F7556}") = "LookCommandTest", "LookCommandTest\LookCommandTest.csproj", "{8DB7A725-3ACB-4CD4-9B6C-FF8325B18BE0}"
EndProject
Project("{FAE04EC0-301F-11D3-BF4B-00C04F79EFBC}") = "LocationTest", "LocationTest\LocationTest.csproj", "{42C80BCF-EC41-4B81-BFA0-6D7E4749CD9B}"
EndProject
Global
	GlobalSection(SolutionConfigurationPlatforms) = preSolution
		Debug|anycpu = Debug|anycpu
		Release|anycpu = Release|anycpu
	EndGlobalSection
	GlobalSection(ProjectConfigurationPlatforms) = postSolution
		{BB1E919F-399F-4909-B06C-396AB41B6C73}.Debug|anycpu.ActiveCfg = Debug|Any CPU
		{BB1E919F-399F-4909-B06C-396AB41B6C73}.Debug|anycpu.Build.0 = Debug|Any CPU
		{BB1E919F-399F-4909-B06C-396AB41B6C73}.Release|anycpu.ActiveCfg = Release|Any CPU
		{BB1E919F-399F-4909-B06C-396AB41B6C73}.Release|anycpu.Build.0 = Release|Any CPU
		{B93AE006-EF0C-454C-97A6-F0EC81D01ED8}.Debug|anycpu.ActiveCfg = Debug|Any CPU
		{B93AE006-EF0C-454C-97A6-F0EC81D01ED8}.Debug|anycpu.Build.0 = Debug|Any CPU
		{B93AE006-EF0C-454C-97A6-F0EC81D01ED8}.Release|anycpu.ActiveCfg = Release|Any CPU
		{B93AE006-EF0C-454C-97A6-F0EC81D01ED8}.Release|anycpu.Build.0 = Release|Any CPU
		{8C3D9D49-103E-48E4-B6CA-98A77A7B51C1}.Debug|anycpu.ActiveCfg = Debug|Any CPU
		{8C3D9D49-103E-48E4-B6CA-98A77A7B51C1}.Release|anycpu.ActiveCfg = Release|Any CPU
		{8C3D9D49-103E-48E4-B6CA-98A77A7B51C1}.Release|anycpu.Build.0 = Release|Any CPU
		{F528053C-23BD-43CC-8ABD-B25B859DF0DD}.Debug|anycpu.ActiveCfg = Debug|Any CPU
		{F528053C-23BD-43CC-8ABD-B25B859DF0DD}.Release|anycpu.ActiveCfg = Release|Any CPU
		{F528053C-23BD-43CC-8ABD-B25B859DF0DD}.Release|anycpu.Build.0 = Release|Any CPU
		{99DB9C22-D740-4BA2-ABE1-C56BBE9997A7}.Debug|anycpu.ActiveCfg = Debug|Any CPU
		{99DB9C22-D740-4BA2-ABE1-C56BBE9997A7}.Release|anycpu.ActiveCfg = Release|Any CPU
		{99DB9C22-D740-4BA2-ABE1-C56BBE9997A7}.Release|anycpu.Build.0 = Release|Any CPU
		{37CA03BD-4A97-462D-A2CE-42DD38CDCFBC}.Debug|anycpu.ActiveCfg = Debug|Any CPU
		{37CA03BD-4A97-462D-A2CE-42DD38CDCFBC}.Release|anycpu.ActiveCfg = Release|Any CPU
		{37CA03BD-4A97-462D-A2CE-42DD38CDCFBC}.Release|anycpu.Build.0 = Release|Any CPU
		{8DB7A725-3ACB-4CD4-9B6C-FF8325B18BE0}.Debug|anycpu.ActiveCfg = Debug|Any CPU
		{8DB7A725-3ACB-4CD4-9B6C-FF8325B18BE0}.Release|anycpu.ActiveCfg = Release|Any CPU
		{8DB7A725-3ACB-4CD4-9B6C-FF8325B18BE0}.Release|anycpu.Build.0 = Release|Any CPU
		{42C80BCF-EC41-4B81-BFA0-6D7E4749CD9B}.Debug|anycpu.ActiveCfg = Debug|Any CPU
		{42C80BCF-EC41-4B81-BFA0-6D7E4749CD9B}.Debug|anycpu.Build.0 = Debug|Any CPU
		{42C80BCF-EC41-4B81-BFA0-6D7E4749CD9B}.Release|anycpu.ActiveCfg = Release|Any CPU
		{42C80BCF-EC41-4B81-BFA0-6D7E4749CD9B}.Release|anycpu.Build.0 = Release|Any CPU
	EndGlobalSection
	GlobalSection(SolutionProperties) = preSolution
		HideSolutionNode = FALSE
	EndGlobalSection
	GlobalSection(ExtensibilityGlobals) = postSolution
		SolutionGuid = {D4BED4DA-18D7-4BB8-AE30-9F0EC623D937}
	EndGlobalSection
EndGlobal
